
Microsoft Visual Studio Solution File, Format Version 12.00
# Visual Studio Version 17
VisualStudioVersion = 17.3.32811.315
MinimumVisualStudioVersion = 10.0.40219.1
Project("{FAE04EC0-301F-11D3-BF4B-00C04F79EFBC}") = "VehicleApp.API", "VehicleApp.API\VehicleApp.API.csproj", "{B4B71669-B31E-483F-B138-EEFC04001068}"
EndProject
Project("{FAE04EC0-301F-11D3-BF4B-00C04F79EFBC}") = "VehicleApp.Core", "VehicleApp.Core\VehicleApp.Core.csproj", "{40637B7D-106F-4346-BAC7-9F072469E060}"
EndProject
Project("{FAE04EC0-301F-11D3-BF4B-00C04F79EFBC}") = "VehicleApp.DAL", "VehicleApp.DAL\VehicleApp.DAL.csproj", "{82CE058F-D31E-43F2-A9A7-B4D929B9C69B}"
EndProject
Project("{FAE04EC0-301F-11D3-BF4B-00C04F79EFBC}") = "VehicleApp.BLL", "VehicleApp.BLL\VehicleApp.BLL.csproj", "{BDFDCBEB-3B72-4D93-AC7E-5EE33034C183}"
EndProject
Project("{FAE04EC0-301F-11D3-BF4B-00C04F79EFBC}") = "VehicleApp.Dtos", "VehicleApp.Dtos\VehicleApp.Dtos.csproj", "{FCBBBBA9-F6BB-4837-BE3B-F6F7713EFD4F}"
EndProject
Global
	GlobalSection(SolutionConfigurationPlatforms) = preSolution
		Debug|Any CPU = Debug|Any CPU
		Release|Any CPU = Release|Any CPU
	EndGlobalSection
	GlobalSection(ProjectConfigurationPlatforms) = postSolution
		{B4B71669-B31E-483F-B138-EEFC04001068}.Debug|Any CPU.ActiveCfg = Debug|Any CPU
		{B4B71669-B31E-483F-B138-EEFC04001068}.Debug|Any CPU.Build.0 = Debug|Any CPU
		{B4B71669-B31E-483F-B138-EEFC04001068}.Release|Any CPU.ActiveCfg = Release|Any CPU
		{B4B71669-B31E-483F-B138-EEFC04001068}.Release|Any CPU.Build.0 = Release|Any CPU
		{40637B7D-106F-4346-BAC7-9F072469E060}.Debug|Any CPU.ActiveCfg = Debug|Any CPU
		{40637B7D-106F-4346-BAC7-9F072469E060}.Debug|Any CPU.Build.0 = Debug|Any CPU
		{40637B7D-106F-4346-BAC7-9F072469E060}.Release|Any CPU.ActiveCfg = Release|Any CPU
		{40637B7D-106F-4346-BAC7-9F072469E060}.Release|Any CPU.Build.0 = Release|Any CPU
		{82CE058F-D31E-43F2-A9A7-B4D929B9C69B}.Debug|Any CPU.ActiveCfg = Debug|Any CPU
		{82CE058F-D31E-43F2-A9A7-B4D929B9C69B}.Debug|Any CPU.Build.0 = Debug|Any CPU
		{82CE058F-D31E-43F2-A9A7-B4D929B9C69B}.Release|Any CPU.ActiveCfg = Release|Any CPU
		{82CE058F-D31E-43F2-A9A7-B4D929B9C69B}.Release|Any CPU.Build.0 = Release|Any CPU
		{BDFDCBEB-3B72-4D93-AC7E-5EE33034C183}.Debug|Any CPU.ActiveCfg = Debug|Any CPU
		{BDFDCBEB-3B72-4D93-AC7E-5EE33034C183}.Debug|Any CPU.Build.0 = Debug|Any CPU
		{BDFDCBEB-3B72-4D93-AC7E-5EE33034C183}.Release|Any CPU.ActiveCfg = Release|Any CPU
		{BDFDCBEB-3B72-4D93-AC7E-5EE33034C183}.Release|Any CPU.Build.0 = Release|Any CPU
		{FCBBBBA9-F6BB-4837-BE3B-F6F7713EFD4F}.Debug|Any CPU.ActiveCfg = Debug|Any CPU
		{FCBBBBA9-F6BB-4837-BE3B-F6F7713EFD4F}.Debug|Any CPU.Build.0 = Debug|Any CPU
		{FCBBBBA9-F6BB-4837-BE3B-F6F7713EFD4F}.Release|Any CPU.ActiveCfg = Release|Any CPU
		{FCBBBBA9-F6BB-4837-BE3B-F6F7713EFD4F}.Release|Any CPU.Build.0 = Release|Any CPU
	EndGlobalSection
	GlobalSection(SolutionProperties) = preSolution
		HideSolutionNode = FALSE
	EndGlobalSection
	GlobalSection(ExtensibilityGlobals) = postSolution
		SolutionGuid = {7C15E00E-7908-450D-80D3-24508FCB9011}
	EndGlobalSection
EndGlobal
